Microsoft Visual Studio Solution File, Format Version 12.00
Project("{2150E333-8FDC-42A3-9474-1A3956D46DE8}") = "Applications", "Applications", "{922EC39F-FD51-4C57-9836-6D8B8C8E19F2}"
EndProject
Project("{2150E333-8FDC-42A3-9474-1A3956D46DE8}") = "Core", "Core", "{3AFCA571-5789-400C-8515-9A8B7FA64365}"
EndProject
Project("{FAE04EC0-301F-11D3-BF4B-00C04F79EFBC}") = "Core.Api", "Applications\Core\Core.Api\Core.Api.csproj", "{AF1F5E35-1316-45C4-9297-28FF636DA936}"
EndProject
Project("{2150E333-8FDC-42A3-9474-1A3956D46DE8}") = "Solution Items", "Solution Items", "{9C8FA590-6CC0-4901-B71E-D5CA0BF31251}"
EndProject
Project("{FAE04EC0-301F-11D3-BF4B-00C04F79EFBC}") = "DockerCompose", "DockerCompose\DockerCompose.csproj", "{93F99C79-AF94-4DAB-924F-355D3BF072F1}"
EndProject
Project("{2150E333-8FDC-42A3-9474-1A3956D46DE8}") = "BuildingBlocks", "BuildingBlocks", "{0224C1F2-CC52-4048-87F2-B9D12499AAC9}"
EndProject
Project("{FAE04EC0-301F-11D3-BF4B-00C04F79EFBC}") = "BuildingBlocks", "BuildingBlocks\BuildingBlocks\BuildingBlocks.csproj", "{2C68C3C4-4EB4-4A1A-8D5E-78FAC206612C}"
EndProject
Project("{2150E333-8FDC-42A3-9474-1A3956D46DE8}") = "Modules", "Modules", "{976D1F59-925A-47B5-90BA-1B09AB1481B0}"
EndProject
Project("{2150E333-8FDC-42A3-9474-1A3956D46DE8}") = "Nodes", "Nodes", "{8C322D8C-3F69-4207-AB2B-F8300224A588}"
EndProject
Project("{FAE04EC0-301F-11D3-BF4B-00C04F79EFBC}") = "Nodes.Api", "Modules\Nodes\Nodes.Api\Nodes.Api.csproj", "{75DBE5F4-2AC8-40ED-B9FF-EDC0162B8414}"
EndProject
Project("{FAE04EC0-301F-11D3-BF4B-00C04F79EFBC}") = "Nodes.Domain", "Modules\Nodes\Nodes.Domain\Nodes.Domain.csproj", "{7A46CB35-E03F-4964-AB96-020D638CF634}"
EndProject
Project("{FAE04EC0-301F-11D3-BF4B-00C04F79EFBC}") = "Nodes.Application", "Modules\Nodes\Nodes.Application\Nodes.Application.csproj", "{B32EE04E-836A-4DD7-9A8E-F4E2A3C4CECB}"
EndProject
Project("{FAE04EC0-301F-11D3-BF4B-00C04F79EFBC}") = "Nodes.Infrastructure", "Modules\Nodes\Nodes.Infrastructure\Nodes.Infrastructure.csproj", "{8D6610B6-57CF-4D34-9BAA-3E371C0C7F5C}"
EndProject
Project("{2150E333-8FDC-42A3-9474-1A3956D46DE8}") = "Files", "Files", "{EB4E98D6-3754-4EF2-8B2E-485CC945B825}"
EndProject
Project("{2150E333-8FDC-42A3-9474-1A3956D46DE8}") = "Notes", "Notes", "{4751B7E5-7647-45D9-8ADD-42835A3ADDC1}"
EndProject
Project("{2150E333-8FDC-42A3-9474-1A3956D46DE8}") = "Reminders", "Reminders", "{2E891F58-7B70-40CF-A998-F3807067BEEA}"
EndProject
Project("{2150E333-8FDC-42A3-9474-1A3956D46DE8}") = "Timelines", "Timelines", "{F90D6A07-EF4B-48D3-B105-ED334E5FBCA0}"
EndProject
Project("{FAE04EC0-301F-11D3-BF4B-00C04F79EFBC}") = "Files.Domain", "Modules\Files\Files.Domain\Files.Domain.csproj", "{A06A2716-2ABF-4AED-92B9-091242262AAE}"
EndProject
Project("{FAE04EC0-301F-11D3-BF4B-00C04F79EFBC}") = "Files.Infrastructure", "Modules\Files\Files.Infrastructure\Files.Infrastructure.csproj", "{A2BCC259-FED2-4EA2-A4D8-8D8853118A50}"
EndProject
Project("{FAE04EC0-301F-11D3-BF4B-00C04F79EFBC}") = "Files.Application", "Modules\Files\Files.Application\Files.Application.csproj", "{5E40ABFE-3E1A-4D6D-B719-2C3CCA31D1D2}"
EndProject
Project("{FAE04EC0-301F-11D3-BF4B-00C04F79EFBC}") = "Files.Api", "Modules\Files\Files.Api\Files.Api.csproj", "{48D4FC02-DAA3-4701-97B8-7D7CD7F69D26}"
EndProject
Project("{FAE04EC0-301F-11D3-BF4B-00C04F79EFBC}") = "Notes.Infrastructure", "Modules\Notes\Notes.Infrastructure\Notes.Infrastructure.csproj", "{E184F045-CC53-42C3-81DA-A95AF5C50CAC}"
EndProject
Project("{FAE04EC0-301F-11D3-BF4B-00C04F79EFBC}") = "Notes.Domain", "Modules\Notes\Notes.Domain\Notes.Domain.csproj", "{085614FB-4FC5-46CF-9127-15DD2039563D}"
EndProject
Project("{FAE04EC0-301F-11D3-BF4B-00C04F79EFBC}") = "Notes.Application", "Modules\Notes\Notes.Application\Notes.Application.csproj", "{3FEC0CB5-4E4C-4ACB-9ED2-4BB7816968EA}"
EndProject
Project("{FAE04EC0-301F-11D3-BF4B-00C04F79EFBC}") = "Notes.Api", "Modules\Notes\Notes.Api\Notes.Api.csproj", "{623BB389-CCC3-4970-B4B9-1C1C79210E9D}"
EndProject
Project("{FAE04EC0-301F-11D3-BF4B-00C04F79EFBC}") = "Reminders.Infrastructure", "Modules\Reminders\Reminders.Infrastructure\Reminders.Infrastructure.csproj", "{C0885A0F-92C9-482C-BA41-5FEBFAAF59D9}"
EndProject
Project("{FAE04EC0-301F-11D3-BF4B-00C04F79EFBC}") = "Reminders.Domain", "Modules\Reminders\Reminders.Domain\Reminders.Domain.csproj", "{E41321F5-6ADD-4BF2-990D-661372A0C76C}"
EndProject
Project("{FAE04EC0-301F-11D3-BF4B-00C04F79EFBC}") = "Reminders.Application", "Modules\Reminders\Reminders.Application\Reminders.Application.csproj", "{B14793C4-3C83-4471-8785-778A92F0EB58}"
EndProject
Project("{FAE04EC0-301F-11D3-BF4B-00C04F79EFBC}") = "Reminders.Api", "Modules\Reminders\Reminders.Api\Reminders.Api.csproj", "{663BEEEE-1CC6-48DA-98AB-380CDC03209C}"
EndProject
Project("{FAE04EC0-301F-11D3-BF4B-00C04F79EFBC}") = "Timelines.Infrastructure", "Modules\Timelines\Timelines.Infrastructure\Timelines.Infrastructure.csproj", "{D5CD05D4-9CF4-4533-83B5-0AC153507710}"
EndProject
Project("{FAE04EC0-301F-11D3-BF4B-00C04F79EFBC}") = "Timelines.Domain", "Modules\Timelines\Timelines.Domain\Timelines.Domain.csproj", "{02CB5929-17FA-4085-8D2A-AFA182DAF595}"
EndProject
Project("{FAE04EC0-301F-11D3-BF4B-00C04F79EFBC}") = "Timelines.Application", "Modules\Timelines\Timelines.Application\Timelines.Application.csproj", "{25AE4ED7-AA5C-4B8F-8115-83C07DE73E0F}"
EndProject
Project("{FAE04EC0-301F-11D3-BF4B-00C04F79EFBC}") = "Timelines.Api", "Modules\Timelines\Timelines.Api\Timelines.Api.csproj", "{30BD2875-A09D-48A9-BDD4-4CFFC489CD5B}"
EndProject
Global
	GlobalSection(SolutionConfigurationPlatforms) = preSolution
		Debug|Any CPU = Debug|Any CPU
		Release|Any CPU = Release|Any CPU
	EndGlobalSection
	GlobalSection(NestedProjects) = preSolution
		{3AFCA571-5789-400C-8515-9A8B7FA64365} = {922EC39F-FD51-4C57-9836-6D8B8C8E19F2}
		{AF1F5E35-1316-45C4-9297-28FF636DA936} = {3AFCA571-5789-400C-8515-9A8B7FA64365}
		{2C68C3C4-4EB4-4A1A-8D5E-78FAC206612C} = {0224C1F2-CC52-4048-87F2-B9D12499AAC9}
		{8C322D8C-3F69-4207-AB2B-F8300224A588} = {976D1F59-925A-47B5-90BA-1B09AB1481B0}
		{75DBE5F4-2AC8-40ED-B9FF-EDC0162B8414} = {8C322D8C-3F69-4207-AB2B-F8300224A588}
		{7A46CB35-E03F-4964-AB96-020D638CF634} = {8C322D8C-3F69-4207-AB2B-F8300224A588}
		{B32EE04E-836A-4DD7-9A8E-F4E2A3C4CECB} = {8C322D8C-3F69-4207-AB2B-F8300224A588}
		{8D6610B6-57CF-4D34-9BAA-3E371C0C7F5C} = {8C322D8C-3F69-4207-AB2B-F8300224A588}
		{EB4E98D6-3754-4EF2-8B2E-485CC945B825} = {976D1F59-925A-47B5-90BA-1B09AB1481B0}
		{4751B7E5-7647-45D9-8ADD-42835A3ADDC1} = {976D1F59-925A-47B5-90BA-1B09AB1481B0}
		{2E891F58-7B70-40CF-A998-F3807067BEEA} = {976D1F59-925A-47B5-90BA-1B09AB1481B0}
		{F90D6A07-EF4B-48D3-B105-ED334E5FBCA0} = {976D1F59-925A-47B5-90BA-1B09AB1481B0}
		{A06A2716-2ABF-4AED-92B9-091242262AAE} = {EB4E98D6-3754-4EF2-8B2E-485CC945B825}
		{A2BCC259-FED2-4EA2-A4D8-8D8853118A50} = {EB4E98D6-3754-4EF2-8B2E-485CC945B825}
		{5E40ABFE-3E1A-4D6D-B719-2C3CCA31D1D2} = {EB4E98D6-3754-4EF2-8B2E-485CC945B825}
		{48D4FC02-DAA3-4701-97B8-7D7CD7F69D26} = {EB4E98D6-3754-4EF2-8B2E-485CC945B825}
		{E184F045-CC53-42C3-81DA-A95AF5C50CAC} = {4751B7E5-7647-45D9-8ADD-42835A3ADDC1}
		{085614FB-4FC5-46CF-9127-15DD2039563D} = {4751B7E5-7647-45D9-8ADD-42835A3ADDC1}
		{3FEC0CB5-4E4C-4ACB-9ED2-4BB7816968EA} = {4751B7E5-7647-45D9-8ADD-42835A3ADDC1}
		{623BB389-CCC3-4970-B4B9-1C1C79210E9D} = {4751B7E5-7647-45D9-8ADD-42835A3ADDC1}
		{C0885A0F-92C9-482C-BA41-5FEBFAAF59D9} = {2E891F58-7B70-40CF-A998-F3807067BEEA}
		{E41321F5-6ADD-4BF2-990D-661372A0C76C} = {2E891F58-7B70-40CF-A998-F3807067BEEA}
		{B14793C4-3C83-4471-8785-778A92F0EB58} = {2E891F58-7B70-40CF-A998-F3807067BEEA}
		{663BEEEE-1CC6-48DA-98AB-380CDC03209C} = {2E891F58-7B70-40CF-A998-F3807067BEEA}
		{D5CD05D4-9CF4-4533-83B5-0AC153507710} = {F90D6A07-EF4B-48D3-B105-ED334E5FBCA0}
		{02CB5929-17FA-4085-8D2A-AFA182DAF595} = {F90D6A07-EF4B-48D3-B105-ED334E5FBCA0}
		{25AE4ED7-AA5C-4B8F-8115-83C07DE73E0F} = {F90D6A07-EF4B-48D3-B105-ED334E5FBCA0}
		{30BD2875-A09D-48A9-BDD4-4CFFC489CD5B} = {F90D6A07-EF4B-48D3-B105-ED334E5FBCA0}
	EndGlobalSection
	GlobalSection(ProjectConfigurationPlatforms) = postSolution
		{AF1F5E35-1316-45C4-9297-28FF636DA936}.Debug|Any CPU.ActiveCfg = Debug|Any CPU
		{AF1F5E35-1316-45C4-9297-28FF636DA936}.Debug|Any CPU.Build.0 = Debug|Any CPU
		{AF1F5E35-1316-45C4-9297-28FF636DA936}.Release|Any CPU.ActiveCfg = Release|Any CPU
		{AF1F5E35-1316-45C4-9297-28FF636DA936}.Release|Any CPU.Build.0 = Release|Any CPU
		{93F99C79-AF94-4DAB-924F-355D3BF072F1}.Debug|Any CPU.ActiveCfg = Debug|Any CPU
		{93F99C79-AF94-4DAB-924F-355D3BF072F1}.Debug|Any CPU.Build.0 = Debug|Any CPU
		{93F99C79-AF94-4DAB-924F-355D3BF072F1}.Release|Any CPU.ActiveCfg = Release|Any CPU
		{93F99C79-AF94-4DAB-924F-355D3BF072F1}.Release|Any CPU.Build.0 = Release|Any CPU
		{2C68C3C4-4EB4-4A1A-8D5E-78FAC206612C}.Debug|Any CPU.ActiveCfg = Debug|Any CPU
		{2C68C3C4-4EB4-4A1A-8D5E-78FAC206612C}.Debug|Any CPU.Build.0 = Debug|Any CPU
		{2C68C3C4-4EB4-4A1A-8D5E-78FAC206612C}.Release|Any CPU.ActiveCfg = Release|Any CPU
		{2C68C3C4-4EB4-4A1A-8D5E-78FAC206612C}.Release|Any CPU.Build.0 = Release|Any CPU
		{75DBE5F4-2AC8-40ED-B9FF-EDC0162B8414}.Debug|Any CPU.ActiveCfg = Debug|Any CPU
		{75DBE5F4-2AC8-40ED-B9FF-EDC0162B8414}.Debug|Any CPU.Build.0 = Debug|Any CPU
		{75DBE5F4-2AC8-40ED-B9FF-EDC0162B8414}.Release|Any CPU.ActiveCfg = Release|Any CPU
		{75DBE5F4-2AC8-40ED-B9FF-EDC0162B8414}.Release|Any CPU.Build.0 = Release|Any CPU
		{7A46CB35-E03F-4964-AB96-020D638CF634}.Debug|Any CPU.ActiveCfg = Debug|Any CPU
		{7A46CB35-E03F-4964-AB96-020D638CF634}.Debug|Any CPU.Build.0 = Debug|Any CPU
		{7A46CB35-E03F-4964-AB96-020D638CF634}.Release|Any CPU.ActiveCfg = Release|Any CPU
		{7A46CB35-E03F-4964-AB96-020D638CF634}.Release|Any CPU.Build.0 = Release|Any CPU
		{B32EE04E-836A-4DD7-9A8E-F4E2A3C4CECB}.Debug|Any CPU.ActiveCfg = Debug|Any CPU
		{B32EE04E-836A-4DD7-9A8E-F4E2A3C4CECB}.Debug|Any CPU.Build.0 = Debug|Any CPU
		{B32EE04E-836A-4DD7-9A8E-F4E2A3C4CECB}.Release|Any CPU.ActiveCfg = Release|Any CPU
		{B32EE04E-836A-4DD7-9A8E-F4E2A3C4CECB}.Release|Any CPU.Build.0 = Release|Any CPU
		{8D6610B6-57CF-4D34-9BAA-3E371C0C7F5C}.Debug|Any CPU.ActiveCfg = Debug|Any CPU
		{8D6610B6-57CF-4D34-9BAA-3E371C0C7F5C}.Debug|Any CPU.Build.0 = Debug|Any CPU
		{8D6610B6-57CF-4D34-9BAA-3E371C0C7F5C}.Release|Any CPU.ActiveCfg = Release|Any CPU
		{8D6610B6-57CF-4D34-9BAA-3E371C0C7F5C}.Release|Any CPU.Build.0 = Release|Any CPU
		{A06A2716-2ABF-4AED-92B9-091242262AAE}.Debug|Any CPU.ActiveCfg = Debug|Any CPU
		{A06A2716-2ABF-4AED-92B9-091242262AAE}.Debug|Any CPU.Build.0 = Debug|Any CPU
		{A06A2716-2ABF-4AED-92B9-091242262AAE}.Release|Any CPU.ActiveCfg = Release|Any CPU
		{A06A2716-2ABF-4AED-92B9-091242262AAE}.Release|Any CPU.Build.0 = Release|Any CPU
		{A2BCC259-FED2-4EA2-A4D8-8D8853118A50}.Debug|Any CPU.ActiveCfg = Debug|Any CPU
		{A2BCC259-FED2-4EA2-A4D8-8D8853118A50}.Debug|Any CPU.Build.0 = Debug|Any CPU
		{A2BCC259-FED2-4EA2-A4D8-8D8853118A50}.Release|Any CPU.ActiveCfg = Release|Any CPU
		{A2BCC259-FED2-4EA2-A4D8-8D8853118A50}.Release|Any CPU.Build.0 = Release|Any CPU
		{5E40ABFE-3E1A-4D6D-B719-2C3CCA31D1D2}.Debug|Any CPU.ActiveCfg = Debug|Any CPU
		{5E40ABFE-3E1A-4D6D-B719-2C3CCA31D1D2}.Debug|Any CPU.Build.0 = Debug|Any CPU
		{5E40ABFE-3E1A-4D6D-B719-2C3CCA31D1D2}.Release|Any CPU.ActiveCfg = Release|Any CPU
		{5E40ABFE-3E1A-4D6D-B719-2C3CCA31D1D2}.Release|Any CPU.Build.0 = Release|Any CPU
		{48D4FC02-DAA3-4701-97B8-7D7CD7F69D26}.Debug|Any CPU.ActiveCfg = Debug|Any CPU
		{48D4FC02-DAA3-4701-97B8-7D7CD7F69D26}.Debug|Any CPU.Build.0 = Debug|Any CPU
		{48D4FC02-DAA3-4701-97B8-7D7CD7F69D26}.Release|Any CPU.ActiveCfg = Release|Any CPU
		{48D4FC02-DAA3-4701-97B8-7D7CD7F69D26}.Release|Any CPU.Build.0 = Release|Any CPU
		{E184F045-CC53-42C3-81DA-A95AF5C50CAC}.Debug|Any CPU.ActiveCfg = Debug|Any CPU
		{E184F045-CC53-42C3-81DA-A95AF5C50CAC}.Debug|Any CPU.Build.0 = Debug|Any CPU
		{E184F045-CC53-42C3-81DA-A95AF5C50CAC}.Release|Any CPU.ActiveCfg = Release|Any CPU
		{E184F045-CC53-42C3-81DA-A95AF5C50CAC}.Release|Any CPU.Build.0 = Release|Any CPU
		{085614FB-4FC5-46CF-9127-15DD2039563D}.Debug|Any CPU.ActiveCfg = Debug|Any CPU
		{085614FB-4FC5-46CF-9127-15DD2039563D}.Debug|Any CPU.Build.0 = Debug|Any CPU
		{085614FB-4FC5-46CF-9127-15DD2039563D}.Release|Any CPU.ActiveCfg = Release|Any CPU
		{085614FB-4FC5-46CF-9127-15DD2039563D}.Release|Any CPU.Build.0 = Release|Any CPU
		{3FEC0CB5-4E4C-4ACB-9ED2-4BB7816968EA}.Debug|Any CPU.ActiveCfg = Debug|Any CPU
		{3FEC0CB5-4E4C-4ACB-9ED2-4BB7816968EA}.Debug|Any CPU.Build.0 = Debug|Any CPU
		{3FEC0CB5-4E4C-4ACB-9ED2-4BB7816968EA}.Release|Any CPU.ActiveCfg = Release|Any CPU
		{3FEC0CB5-4E4C-4ACB-9ED2-4BB7816968EA}.Release|Any CPU.Build.0 = Release|Any CPU
		{623BB389-CCC3-4970-B4B9-1C1C79210E9D}.Debug|Any CPU.ActiveCfg = Debug|Any CPU
		{623BB389-CCC3-4970-B4B9-1C1C79210E9D}.Debug|Any CPU.Build.0 = Debug|Any CPU
		{623BB389-CCC3-4970-B4B9-1C1C79210E9D}.Release|Any CPU.ActiveCfg = Release|Any CPU
		{623BB389-CCC3-4970-B4B9-1C1C79210E9D}.Release|Any CPU.Build.0 = Release|Any CPU
		{C0885A0F-92C9-482C-BA41-5FEBFAAF59D9}.Debug|Any CPU.ActiveCfg = Debug|Any CPU
		{C0885A0F-92C9-482C-BA41-5FEBFAAF59D9}.Debug|Any CPU.Build.0 = Debug|Any CPU
		{C0885A0F-92C9-482C-BA41-5FEBFAAF59D9}.Release|Any CPU.ActiveCfg = Release|Any CPU
		{C0885A0F-92C9-482C-BA41-5FEBFAAF59D9}.Release|Any CPU.Build.0 = Release|Any CPU
		{E41321F5-6ADD-4BF2-990D-661372A0C76C}.Debug|Any CPU.ActiveCfg = Debug|Any CPU
		{E41321F5-6ADD-4BF2-990D-661372A0C76C}.Debug|Any CPU.Build.0 = Debug|Any CPU
		{E41321F5-6ADD-4BF2-990D-661372A0C76C}.Release|Any CPU.ActiveCfg = Release|Any CPU
		{E41321F5-6ADD-4BF2-990D-661372A0C76C}.Release|Any CPU.Build.0 = Release|Any CPU
		{B14793C4-3C83-4471-8785-778A92F0EB58}.Debug|Any CPU.ActiveCfg = Debug|Any CPU
		{B14793C4-3C83-4471-8785-778A92F0EB58}.Debug|Any CPU.Build.0 = Debug|Any CPU
		{B14793C4-3C83-4471-8785-778A92F0EB58}.Release|Any CPU.ActiveCfg = Release|Any CPU
		{B14793C4-3C83-4471-8785-778A92F0EB58}.Release|Any CPU.Build.0 = Release|Any CPU
		{663BEEEE-1CC6-48DA-98AB-380CDC03209C}.Debug|Any CPU.ActiveCfg = Debug|Any CPU
		{663BEEEE-1CC6-48DA-98AB-380CDC03209C}.Debug|Any CPU.Build.0 = Debug|Any CPU
		{663BEEEE-1CC6-48DA-98AB-380CDC03209C}.Release|Any CPU.ActiveCfg = Release|Any CPU
		{663BEEEE-1CC6-48DA-98AB-380CDC03209C}.Release|Any CPU.Build.0 = Release|Any CPU
		{D5CD05D4-9CF4-4533-83B5-0AC153507710}.Debug|Any CPU.ActiveCfg = Debug|Any CPU
		{D5CD05D4-9CF4-4533-83B5-0AC153507710}.Debug|Any CPU.Build.0 = Debug|Any CPU
		{D5CD05D4-9CF4-4533-83B5-0AC153507710}.Release|Any CPU.ActiveCfg = Release|Any CPU
		{D5CD05D4-9CF4-4533-83B5-0AC153507710}.Release|Any CPU.Build.0 = Release|Any CPU
		{02CB5929-17FA-4085-8D2A-AFA182DAF595}.Debug|Any CPU.ActiveCfg = Debug|Any CPU
		{02CB5929-17FA-4085-8D2A-AFA182DAF595}.Debug|Any CPU.Build.0 = Debug|Any CPU
		{02CB5929-17FA-4085-8D2A-AFA182DAF595}.Release|Any CPU.ActiveCfg = Release|Any CPU
		{02CB5929-17FA-4085-8D2A-AFA182DAF595}.Release|Any CPU.Build.0 = Release|Any CPU
		{25AE4ED7-AA5C-4B8F-8115-83C07DE73E0F}.Debug|Any CPU.ActiveCfg = Debug|Any CPU
		{25AE4ED7-AA5C-4B8F-8115-83C07DE73E0F}.Debug|Any CPU.Build.0 = Debug|Any CPU
		{25AE4ED7-AA5C-4B8F-8115-83C07DE73E0F}.Release|Any CPU.ActiveCfg = Release|Any CPU
		{25AE4ED7-AA5C-4B8F-8115-83C07DE73E0F}.Release|Any CPU.Build.0 = Release|Any CPU
		{30BD2875-A09D-48A9-BDD4-4CFFC489CD5B}.Debug|Any CPU.ActiveCfg = Debug|Any CPU
		{30BD2875-A09D-48A9-BDD4-4CFFC489CD5B}.Debug|Any CPU.Build.0 = Debug|Any CPU
		{30BD2875-A09D-48A9-BDD4-4CFFC489CD5B}.Release|Any CPU.ActiveCfg = Release|Any CPU
		{30BD2875-A09D-48A9-BDD4-4CFFC489CD5B}.Release|Any CPU.Build.0 = Release|Any CPU
	EndGlobalSection
EndGlobal
